// !$*UTF8*$!
{
	archiveVersion = 1;
	classes = {
	};
	objectVersion = 77;
	objects = {

/* Begin PBXContainerItemProxy section */
		74D0CDFF2D927C0200CDD6EC /* PBXContainerItemProxy */ = {
			isa = PBXContainerItemProxy;
			containerPortal = 74D0CDE32D927C0000CDD6EC /* Project object */;
			proxyType = 1;
			remoteGlobalIDString = 74D0CDEA2D927C0000CDD6EC;
			remoteInfo = wifilogin;
		};
		74D0CE092D927C0200CDD6EC /* PBXContainerItemProxy */ = {
			isa = PBXContainerItemProxy;
			containerPortal = 74D0CDE32D927C0000CDD6EC /* Project object */;
			proxyType = 1;
			remoteGlobalIDString = 74D0CDEA2D927C0000CDD6EC;
			remoteInfo = wifilogin;
		};
/* End PBXContainerItemProxy section */

/* Begin PBXFileReference section */
		74D0CDEB2D927C0000CDD6EC /* wifilogin.app */ = {isa = PBXFileReference; explicitFileType = wrapper.application; includeInIndex = 0; path = wifilogin.app; sourceTree = BUILT_PRODUCTS_DIR; };
		74D0CDFE2D927C0200CDD6EC /* wifiloginTests.xctest */ = {isa = PBXFileReference; explicitFileType = wrapper.cfbundle; includeInIndex = 0; path = wifiloginTests.xctest; sourceTree = BUILT_PRODUCTS_DIR; };
		74D0CE082D927C0200CDD6EC /* wifiloginUITests.xctest */ = {isa = PBXFileReference; explicitFileType = wrapper.cfbundle; includeInIndex = 0; path = wifiloginUITests.xctest; sourceTree = BUILT_PRODUCTS_DIR; };
/* End PBXFileReference section */

/* Begin PBXFileSystemSynchronizedRootGroup section */
		74D0CDED2D927C0000CDD6EC /* wifilogin */ = {
			isa = PBXFileSystemSynchronizedRootGroup;
			path = wifilogin;
			sourceTree = "<group>";
		};
		74D0CE012D927C0200CDD6EC /* wifiloginTests */ = {
			isa = PBXFileSystemSynchronizedRootGroup;
			path = wifiloginTests;
			sourceTree = "<group>";
		};
		74D0CE0B2D927C0200CDD6EC /* wifiloginUITests */ = {
			isa = PBXFileSystemSynchronizedRootGroup;
			path = wifiloginUITests;
			sourceTree = "<group>";
		};
/* End PBXFileSystemSynchronizedRootGroup section */

/* Begin PBXFrameworksBuildPhase section */
		74D0CDE82D927C0000CDD6EC /* Frameworks */ = {
			isa = PBXFrameworksBuildPhase;
			buildActionMask = 2147483647;
			files = (
			);
			runOnlyForDeploymentPostprocessing = 0;
		};
		74D0CDFB2D927C0200CDD6EC /* Frameworks */ = {
			isa = PBXFrameworksBuildPhase;
			buildActionMask = 2147483647;
			files = (
			);
			runOnlyForDeploymentPostprocessing = 0;
		};
		74D0CE052D927C0200CDD6EC /* Frameworks */ = {
			isa = PBXFrameworksBuildPhase;
			buildActionMask = 2147483647;
			files = (
			);
			runOnlyForDeploymentPostprocessing = 0;
		};
/* End PBXFrameworksBuildPhase section */

/* Begin PBXGroup section */
		74D0CDE22D927C0000CDD6EC = {
			isa = PBXGroup;
			children = (
				74D0CDED2D927C0000CDD6EC /* wifilogin */,
				74D0CE012D927C0200CDD6EC /* wifiloginTests */,
				74D0CE0B2D927C0200CDD6EC /* wifiloginUITests */,
				74D0CDEC2D927C0000CDD6EC /* Products */,
			);
			sourceTree = "<group>";
		};
		74D0CDEC2D927C0000CDD6EC /* Products */ = {
			isa = PBXGroup;
			children = (
				74D0CDEB2D927C0000CDD6EC /* wifilogin.app */,
				74D0CDFE2D927C0200CDD6EC /* wifiloginTests.xctest */,
				74D0CE082D927C0200CDD6EC /* wifiloginUITests.xctest */,
			);
			name = Products;
			sourceTree = "<group>";
		};
/* End PBXGroup section */

/* Begin PBXNativeTarget section */
		74D0CDEA2D927C0000CDD6EC /* wifilogin */ = {
			isa = PBXNativeTarget;
			buildConfigurationList = 74D0CE122D927C0200CDD6EC /* Build configuration list for PBXNativeTarget "wifilogin" */;
			buildPhases = (
				74D0CDE72D927C0000CDD6EC /* Sources */,
				74D0CDE82D927C0000CDD6EC /* Frameworks */,
				74D0CDE92D927C0000CDD6EC /* Resources */,
			);
			buildRules = (
			);
			dependencies = (
			);
			fileSystemSynchronizedGroups = (
				74D0CDED2D927C0000CDD6EC /* wifilogin */,
			);
			name = wifilogin;
			packageProductDependencies = (
			);
			productName = wifilogin;
			productReference = 74D0CDEB2D927C0000CDD6EC /* wifilogin.app */;
			productType = "com.apple.product-type.application";
		};
		74D0CDFD2D927C0200CDD6EC /* wifiloginTests */ = {
			isa = PBXNativeTarget;
			buildConfigurationList = 74D0CE152D927C0200CDD6EC /* Build configuration list for PBXNativeTarget "wifiloginTests" */;
			buildPhases = (
				74D0CDFA2D927C0200CDD6EC /* Sources */,
				74D0CDFB2D927C0200CDD6EC /* Frameworks */,
				74D0CDFC2D927C0200CDD6EC /* Resources */,
			);
			buildRules = (
			);
			dependencies = (
				74D0CE002D927C0200CDD6EC /* PBXTargetDependency */,
			);
			fileSystemSynchronizedGroups = (
				74D0CE012D927C0200CDD6EC /* wifiloginTests */,
			);
			name = wifiloginTests;
			packageProductDependencies = (
			);
			productName = wifiloginTests;
			productReference = 74D0CDFE2D927C0200CDD6EC /* wifiloginTests.xctest */;
			productType = "com.apple.product-type.bundle.unit-test";
		};
		74D0CE072D927C0200CDD6EC /* wifiloginUITests */ = {
			isa = PBXNativeTarget;
			buildConfigurationList = 74D0CE182D927C0200CDD6EC /* Build configuration list for PBXNativeTarget "wifiloginUITests" */;
			buildPhases = (
				74D0CE042D927C0200CDD6EC /* Sources */,
				74D0CE052D927C0200CDD6EC /* Frameworks */,
				74D0CE062D927C0200CDD6EC /* Resources */,
			);
			buildRules = (
			);
			dependencies = (
				74D0CE0A2D927C0200CDD6EC /* PBXTargetDependency */,
			);
			fileSystemSynchronizedGroups = (
				74D0CE0B2D927C0200CDD6EC /* wifiloginUITests */,
			);
			name = wifiloginUITests;
			packageProductDependencies = (
			);
			productName = wifiloginUITests;
			productReference = 74D0CE082D927C0200CDD6EC /* wifiloginUITests.xctest */;
			productType = "com.apple.product-type.bundle.ui-testing";
		};
/* End PBXNativeTarget section */

/* Begin PBXProject section */
		74D0CDE32D927C0000CDD6EC /* Project object */ = {
			isa = PBXProject;
			attributes = {
				BuildIndependentTargetsInParallel = 1;
				LastSwiftUpdateCheck = 1620;
				LastUpgradeCheck = 1620;
				TargetAttributes = {
					74D0CDEA2D927C0000CDD6EC = {
						CreatedOnToolsVersion = 16.2;
					};
					74D0CDFD2D927C0200CDD6EC = {
						CreatedOnToolsVersion = 16.2;
						TestTargetID = 74D0CDEA2D927C0000CDD6EC;
					};
					74D0CE072D927C0200CDD6EC = {
						CreatedOnToolsVersion = 16.2;
						TestTargetID = 74D0CDEA2D927C0000CDD6EC;
					};
				};
			};
			buildConfigurationList = 74D0CDE62D927C0000CDD6EC /* Build configuration list for PBXProject "wifilogin" */;
			developmentRegion = en;
			hasScannedForEncodings = 0;
			knownRegions = (
				en,
				Base,
			);
			mainGroup = 74D0CDE22D927C0000CDD6EC;
			minimizedProjectReferenceProxies = 1;
			preferredProjectObjectVersion = 77;
			productRefGroup = 74D0CDEC2D927C0000CDD6EC /* Products */;
			projectDirPath = "";
			projectRoot = "";
			targets = (
				74D0CDEA2D927C0000CDD6EC /* wifilogin */,
				74D0CDFD2D927C0200CDD6EC /* wifiloginTests */,
				74D0CE072D927C0200CDD6EC /* wifiloginUITests */,
			);
		};
/* End PBXProject section */

/* Begin PBXResourcesBuildPhase section */
		74D0CDE92D927C0000CDD6EC /* Resources */ = {
			isa = PBXResourcesBuildPhase;
			buildActionMask = 2147483647;
			files = (
			);
			runOnlyForDeploymentPostprocessing = 0;
		};
		74D0CDFC2D927C0200CDD6EC /* Resources */ = {
			isa = PBXResourcesBuildPhase;
			buildActionMask = 2147483647;
			files = (
			);
			runOnlyForDeploymentPostprocessing = 0;
		};
		74D0CE062D927C0200CDD6EC /* Resources */ = {
			isa = PBXResourcesBuildPhase;
			buildActionMask = 2147483647;
			files = (
			);
			runOnlyForDeploymentPostprocessing = 0;
		};
/* End PBXResourcesBuildPhase section */

/* Begin PBXSourcesBuildPhase section */
		74D0CDE72D927C0000CDD6EC /* Sources */ = {
			isa = PBXSourcesBuildPhase;
			buildActionMask = 2147483647;
			files = (
			);
			runOnlyForDeploymentPostprocessing = 0;
		};
		74D0CDFA2D927C0200CDD6EC /* Sources */ = {
			isa = PBXSourcesBuildPhase;
			buildActionMask = 2147483647;
			files = (
			);
			runOnlyForDeploymentPostprocessing = 0;
		};
		74D0CE042D927C0200CDD6EC /* Sources */ = {
			isa = PBXSourcesBuildPhase;
			buildActionMask = 2147483647;
			files = (
			);
			runOnlyForDeploymentPostprocessing = 0;
		};
/* End PBXSourcesBuildPhase section */

/* Begin PBXTargetDependency section */
		74D0CE002D927C0200CDD6EC /* PBXTargetDependency */ = {
			isa = PBXTargetDependency;
			target = 74D0CDEA2D927C0000CDD6EC /* wifilogin */;
			targetProxy = 74D0CDFF2D927C0200CDD6EC /* PBXContainerItemProxy */;
		};
		74D0CE0A2D927C0200CDD6EC /* PBXTargetDependency */ = {
			isa = PBXTargetDependency;
			target = 74D0CDEA2D927C0000CDD6EC /* wifilogin */;
			targetProxy = 74D0CE092D927C0200CDD6EC /* PBXContainerItemProxy */;
		};
/* End PBXTargetDependency section */

/* Begin XCBuildConfiguration section */
		74D0CE102D927C0200CDD6EC /* Debug */ = {
			isa = XCBuildConfiguration;
			buildSettings = {
				ALWAYS_SEARCH_USER_PATHS = NO;
				ASSETCATALOG_COMPILER_GENERATE_SWIFT_ASSET_SYMBOL_EXTENSIONS = YES;
				CLANG_ANALYZER_NONNULL = YES;
				CLANG_ANALYZER_NUMBER_OBJECT_CONVERSION = YES_AGGRESSIVE;
				CLANG_CXX_LANGUAGE_STANDARD = "gnu++20";
				CLANG_ENABLE_MODULES = YES;
				CLANG_ENABLE_OBJC_ARC = YES;
				CLANG_ENABLE_OBJC_WEAK = YES;
				CLANG_WARN_BLOCK_CAPTURE_AUTORELEASING = YES;
				CLANG_WARN_BOOL_CONVERSION = YES;
				CLANG_WARN_COMMA = YES;
				CLANG_WARN_CONSTANT_CONVERSION = YES;
				CLANG_WARN_DEPRECATED_OBJC_IMPLEMENTATIONS = YES;
				CLANG_WARN_DIRECT_OBJC_ISA_USAGE = YES_ERROR;
				CLANG_WARN_DOCUMENTATION_COMMENTS = YES;
				CLANG_WARN_EMPTY_BODY = YES;
				CLANG_WARN_ENUM_CONVERSION = YES;
				CLANG_WARN_INFINITE_RECURSION = YES;
				CLANG_WARN_INT_CONVERSION = YES;
				CLANG_WARN_NON_LITERAL_NULL_CONVERSION = YES;
				CLANG_WARN_OBJC_IMPLICIT_RETAIN_SELF = YES;
				CLANG_WARN_OBJC_LITERAL_CONVERSION = YES;
				CLANG_WARN_OBJC_ROOT_CLASS = YES_ERROR;
				CLANG_WARN_QUOTED_INCLUDE_IN_FRAMEWORK_HEADER = YES;
				CLANG_WARN_RANGE_LOOP_ANALYSIS = YES;
				CLANG_WARN_STRICT_PROTOTYPES = YES;
				CLANG_WARN_SUSPICIOUS_MOVE = YES;
				CLANG_WARN_UNGUARDED_AVAILABILITY = YES_AGGRESSIVE;
				CLANG_WARN_UNREACHABLE_CODE = YES;
				CLANG_WARN__DUPLICATE_METHOD_MATCH = YES;
				COPY_PHASE_STRIP = NO;
				DEBUG_INFORMATION_FORMAT = dwarf;
				ENABLE_STRICT_OBJC_MSGSEND = YES;
				ENABLE_TESTABILITY = YES;
				ENABLE_USER_SCRIPT_SANDBOXING = YES;
				GCC_C_LANGUAGE_STANDARD = gnu17;
				GCC_DYNAMIC_NO_PIC = NO;
				GCC_NO_COMMON_BLOCKS = YES;
				GCC_OPTIMIZATION_LEVEL = 0;
				GCC_PREPROCESSOR_DEFINITIONS = (
					"DEBUG=1",
					"$(inherited)",
				);
				GCC_WARN_64_TO_32_BIT_CONVERSION = YES;
				GCC_WARN_ABOUT_RETURN_TYPE = YES_ERROR;
				GCC_WARN_UNDECLARED_SELECTOR = YES;
				GCC_WARN_UNINITIALIZED_AUTOS = YES_AGGRESSIVE;
				GCC_WARN_UNUSED_FUNCTION = YES;
				GCC_WARN_UNUSED_VARIABLE = YES;
				LOCALIZATION_PREFERS_STRING_CATALOGS = YES;
				MACOSX_DEPLOYMENT_TARGET = 15.2;
				MTL_ENABLE_DEBUG_INFO = INCLUDE_SOURCE;
				MTL_FAST_MATH = YES;
				ONLY_ACTIVE_ARCH = YES;
				SDKROOT = macosx;
				SWIFT_ACTIVE_COMPILATION_CONDITIONS = "DEBUG $(inherited)";
				SWIFT_OPTIMIZATION_LEVEL = "-Onone";
			};
			name = Debug;
		};
		74D0CE112D927C0200CDD6EC /* Release */ = {
			isa = XCBuildConfiguration;
			buildSettings = {
				ALWAYS_SEARCH_USER_PATHS = NO;
				ASSETCATALOG_COMPILER_GENERATE_SWIFT_ASSET_SYMBOL_EXTENSIONS = YES;
				CLANG_ANALYZER_NONNULL = YES;
				CLANG_ANALYZER_NUMBER_OBJECT_CONVERSION = YES_AGGRESSIVE;
				CLANG_CXX_LANGUAGE_STANDARD = "gnu++20";
				CLANG_ENABLE_MODULES = YES;
				CLANG_ENABLE_OBJC_ARC = YES;
				CLANG_ENABLE_OBJC_WEAK = YES;
				CLANG_WARN_BLOCK_CAPTURE_AUTORELEASING = YES;
				CLANG_WARN_BOOL_CONVERSION = YES;
				CLANG_WARN_COMMA = YES;
				CLANG_WARN_CONSTANT_CONVERSION = YES;
				CLANG_WARN_DEPRECATED_OBJC_IMPLEMENTATIONS = YES;
				CLANG_WARN_DIRECT_OBJC_ISA_USAGE = YES_ERROR;
				CLANG_WARN_DOCUMENTATION_COMMENTS = YES;
				CLANG_WARN_EMPTY_BODY = YES;
				CLANG_WARN_ENUM_CONVERSION = YES;
				CLANG_WARN_INFINITE_RECURSION = YES;
				CLANG_WARN_INT_CONVERSION = YES;
				CLANG_WARN_NON_LITERAL_NULL_CONVERSION = YES;
				CLANG_WARN_OBJC_IMPLICIT_RETAIN_SELF = YES;
				CLANG_WARN_OBJC_LITERAL_CONVERSION = YES;
				CLANG_WARN_OBJC_ROOT_CLASS = YES_ERROR;
				CLANG_WARN_QUOTED_INCLUDE_IN_FRAMEWORK_HEADER = YES;
				CLANG_WARN_RANGE_LOOP_ANALYSIS = YES;
				CLANG_WARN_STRICT_PROTOTYPES = YES;
				CLANG_WARN_SUSPICIOUS_MOVE = YES;
				CLANG_WARN_UNGUARDED_AVAILABILITY = YES_AGGRESSIVE;
				CLANG_WARN_UNREACHABLE_CODE = YES;
				CLANG_WARN__DUPLICATE_METHOD_MATCH = YES;
				COPY_PHASE_STRIP = NO;
				DEBUG_INFORMATION_FORMAT = "dwarf-with-dsym";
				ENABLE_NS_ASSERTIONS = NO;
				ENABLE_STRICT_OBJC_MSGSEND = YES;
				ENABLE_USER_SCRIPT_SANDBOXING = YES;
				GCC_C_LANGUAGE_STANDARD = gnu17;
				GCC_NO_COMMON_BLOCKS = YES;
				GCC_WARN_64_TO_32_BIT_CONVERSION = YES;
				GCC_WARN_ABOUT_RETURN_TYPE = YES_ERROR;
				GCC_WARN_UNDECLARED_SELECTOR = YES;
				GCC_WARN_UNINITIALIZED_AUTOS = YES_AGGRESSIVE;
				GCC_WARN_UNUSED_FUNCTION = YES;
				GCC_WARN_UNUSED_VARIABLE = YES;
				LOCALIZATION_PREFERS_STRING_CATALOGS = YES;
				MACOSX_DEPLOYMENT_TARGET = 15.2;
				MTL_ENABLE_DEBUG_INFO = NO;
				MTL_FAST_MATH = YES;
				SDKROOT = macosx;
				SWIFT_COMPILATION_MODE = wholemodule;
			};
			name = Release;
		};
		74D0CE132D927C0200CDD6EC /* Debug */ = {
			isa = XCBuildConfiguration;
			buildSettings = {
				ASSETCATALOG_COMPILER_APPICON_NAME = AppIcon;
				ASSETCATALOG_COMPILER_GLOBAL_ACCENT_COLOR_NAME = AccentColor;
				CODE_SIGN_ENTITLEMENTS = wifilogin/wifilogin.entitlements;
				CODE_SIGN_STYLE = Automatic;
				COMBINE_HIDPI_IMAGES = YES;
				CURRENT_PROJECT_VERSION = 1;
				DEVELOPMENT_ASSET_PATHS = "\"wifilogin/Preview Content\"";
				DEVELOPMENT_TEAM = RVK8HKBXN6;
				ENABLE_HARDENED_RUNTIME = YES;
				ENABLE_PREVIEWS = YES;
				GENERATE_INFOPLIST_FILE = YES;
				INFOPLIST_KEY_NSHumanReadableCopyright = "";
				LD_RUNPATH_SEARCH_PATHS = (
					"$(inherited)",
					"@executable_path/../Frameworks",
				);
				MACOSX_DEPLOYMENT_TARGET = 14.0;
				MARKETING_VERSION = 1.0;
				PRODUCT_BUNDLE_IDENTIFIER = com.arjunmnath.wifilogin;
				PRODUCT_NAME = "$(TARGET_NAME)";
				SWIFT_EMIT_LOC_STRINGS = YES;
				SWIFT_VERSION = 5.0;
			};
			name = Debug;
		};
		74D0CE142D927C0200CDD6EC /* Release */ = {
			isa = XCBuildConfiguration;
			buildSettings = {
				ASSETCATALOG_COMPILER_APPICON_NAME = AppIcon;
				ASSETCATALOG_COMPILER_GLOBAL_ACCENT_COLOR_NAME = AccentColor;
				CODE_SIGN_ENTITLEMENTS = wifilogin/wifilogin.entitlements;
				CODE_SIGN_STYLE = Automatic;
				COMBINE_HIDPI_IMAGES = YES;
				CURRENT_PROJECT_VERSION = 1;
				DEVELOPMENT_ASSET_PATHS = "\"wifilogin/Preview Content\"";
				DEVELOPMENT_TEAM = RVK8HKBXN6;
				ENABLE_HARDENED_RUNTIME = YES;
				ENABLE_PREVIEWS = YES;
				GENERATE_INFOPLIST_FILE = YES;
				INFOPLIST_KEY_NSHumanReadableCopyright = "";
				LD_RUNPATH_SEARCH_PATHS = (
					"$(inherited)",
					"@executable_path/../Frameworks",
				);
				MACOSX_DEPLOYMENT_TARGET = 14.0;
				MARKETING_VERSION = 1.0;
				PRODUCT_BUNDLE_IDENTIFIER = com.arjunmnath.wifilogin;
				PRODUCT_NAME = "$(TARGET_NAME)";
				SWIFT_EMIT_LOC_STRINGS = YES;
				SWIFT_VERSION = 5.0;
			};
			name = Release;
		};
		74D0CE162D927C0200CDD6EC /* Debug */ = {
			isa = XCBuildConfiguration;
			buildSettings = {
				BUNDLE_LOADER = "$(TEST_HOST)";
				CODE_SIGN_STYLE = Automatic;
				CURRENT_PROJECT_VERSION = 1;
				DEVELOPMENT_TEAM = RVK8HKBXN6;
				GENERATE_INFOPLIST_FILE = YES;
				MACOSX_DEPLOYMENT_TARGET = 14.0;
				MARKETING_VERSION = 1.0;
				PRODUCT_BUNDLE_IDENTIFIER = com.arjunmnath.wifiloginTests;
				PRODUCT_NAME = "$(TARGET_NAME)";
				SWIFT_EMIT_LOC_STRINGS = NO;
				SWIFT_VERSION = 5.0;
				TEST_HOST = "$(BUILT_PRODUCTS_DIR)/wifilogin.app/$(BUNDLE_EXECUTABLE_FOLDER_PATH)/wifilogin";
			};
			name = Debug;
		};
		74D0CE172D927C0200CDD6EC /* Release */ = {
			isa = XCBuildConfiguration;
			buildSettings = {
				BUNDLE_LOADER = "$(TEST_HOST)";
				CODE_SIGN_STYLE = Automatic;
				CURRENT_PROJECT_VERSION = 1;
				DEVELOPMENT_TEAM = RVK8HKBXN6;
				GENERATE_INFOPLIST_FILE = YES;
				MACOSX_DEPLOYMENT_TARGET = 14.0;
				MARKETING_VERSION = 1.0;
				PRODUCT_BUNDLE_IDENTIFIER = com.arjunmnath.wifiloginTests;
				PRODUCT_NAME = "$(TARGET_NAME)";
				SWIFT_EMIT_LOC_STRINGS = NO;
				SWIFT_VERSION = 5.0;
				TEST_HOST = "$(BUILT_PRODUCTS_DIR)/wifilogin.app/$(BUNDLE_EXECUTABLE_FOLDER_PATH)/wifilogin";
			};
			name = Release;
		};
		74D0CE192D927C0200CDD6EC /* Debug */ = {
			isa = XCBuildConfiguration;
			buildSettings = {
				CODE_SIGN_STYLE = Automatic;
				CURRENT_PROJECT_VERSION = 1;
				DEVELOPMENT_TEAM = RVK8HKBXN6;
				GENERATE_INFOPLIST_FILE = YES;
				MARKETING_VERSION = 1.0;
				PRODUCT_BUNDLE_IDENTIFIER = com.arjunmnath.wifiloginUITests;
				PRODUCT_NAME = "$(TARGET_NAME)";
				SWIFT_EMIT_LOC_STRINGS = NO;
				SWIFT_VERSION = 5.0;
				TEST_TARGET_NAME = wifilogin;
			};
			name = Debug;
		};
		74D0CE1A2D927C0200CDD6EC /* Release */ = {
			isa = XCBuildConfiguration;
			buildSettings = {
				CODE_SIGN_STYLE = Automatic;
				CURRENT_PROJECT_VERSION = 1;
				DEVELOPMENT_TEAM = RVK8HKBXN6;
				GENERATE_INFOPLIST_FILE = YES;
				MARKETING_VERSION = 1.0;
				PRODUCT_BUNDLE_IDENTIFIER = com.arjunmnath.wifiloginUITests;
				PRODUCT_NAME = "$(TARGET_NAME)";
				SWIFT_EMIT_LOC_STRINGS = NO;
				SWIFT_VERSION = 5.0;
				TEST_TARGET_NAME = wifilogin;
			};
			name = Release;
		};
/* End XCBuildConfiguration section */

/* Begin XCConfigurationList section */
		74D0CDE62D927C0000CDD6EC /* Build configuration list for PBXProject "wifilogin" */ = {
			isa = XCConfigurationList;
			buildConfigurations = (
				74D0CE102D927C0200CDD6EC /* Debug */,
				74D0CE112D927C0200CDD6EC /* Release */,
			);
			defaultConfigurationIsVisible = 0;
			defaultConfigurationName = Release;
		};
		74D0CE122D927C0200CDD6EC /* Build configuration list for PBXNativeTarget "wifilogin" */ = {
			isa = XCConfigurationList;
			buildConfigurations = (
				74D0CE132D927C0200CDD6EC /* Debug */,
				74D0CE142D927C0200CDD6EC /* Release */,
			);
			defaultConfigurationIsVisible = 0;
			defaultConfigurationName = Release;
		};
		74D0CE152D927C0200CDD6EC /* Build configuration list for PBXNativeTarget "wifiloginTests" */ = {
			isa = XCConfigurationList;
			buildConfigurations = (
				74D0CE162D927C0200CDD6EC /* Debug */,
				74D0CE172D927C0200CDD6EC /* Release */,
			);
			defaultConfigurationIsVisible = 0;
			defaultConfigurationName = Release;
		};
		74D0CE182D927C0200CDD6EC /* Build configuration list for PBXNativeTarget "wifiloginUITests" */ = {
			isa = XCConfigurationList;
			buildConfigurations = (
				74D0CE192D927C0200CDD6EC /* Debug */,
				74D0CE1A2D927C0200CDD6EC /* Release */,
			);
			defaultConfigurationIsVisible = 0;
			defaultConfigurationName = Release;
		};
/* End XCConfigurationList section */
	};
	rootObject = 74D0CDE32D927C0000CDD6EC /* Project object */;
}
